<?xml version="1.0" encoding="utf-8"?>
<Project xmlns="http://schemas.microsoft.com/developer/msbuild/2003">
  <PropertyGroup>
    <ProjectGuid>{24dc668a-f746-4521-92de-17053e227fb9}</ProjectGuid>
    <MainSource>cmx.dpk</MainSource>
    <Configuration Condition=" '$(Configuration)' == '' ">Debug</Configuration>
    <Platform Condition=" '$(Platform)' == '' ">AnyCPU</Platform>
    <DCC_DCCCompiler>DCC32</DCC_DCCCompiler>
    <DCC_DependencyCheckOutputName>U:\bin\cmx.bpl</DCC_DependencyCheckOutputName>
  </PropertyGroup>
  <PropertyGroup Condition=" '$(Configuration)|$(Platform)' == 'Release|AnyCPU' ">
    <Version>7.0</Version>
    <DCC_DebugInformation>False</DCC_DebugInformation>
    <DCC_LocalDebugSymbols>False</DCC_LocalDebugSymbols>
    <DCC_SymbolReferenceInfo>0</DCC_SymbolReferenceInfo>
    <DCC_DcuOutput>U:\source\_unit</DCC_DcuOutput>
    <DCC_ObjOutput>U:\source\_unit</DCC_ObjOutput>
    <DCC_HppOutput>U:\source\_unit</DCC_HppOutput>
    <DCC_BplOutput>U:\bin</DCC_BplOutput>
    <DCC_DcpOutput>U:\source\_dcp</DCC_DcpOutput>
    <DCC_UnitSearchPath>U:\source\_dcp;U:\source\core.bpl;U:\source\core.bpl\imports\Indy\Core;U:\source\core.bpl\imports\Indy\Protocols;U:\source\core.bpl\imports\Indy\SuperCore;U:\source\core.bpl\imports\Indy\System;U:\source\core.bpl\imports\Cipher\Source;U:\source\core.bpl\imports\kbmMemTable\Source</DCC_UnitSearchPath>
    <DCC_ResourcePath>U:\source\_dcp;U:\source\core.bpl;U:\source\core.bpl\imports\Indy\Core;U:\source\core.bpl\imports\Indy\Protocols;U:\source\core.bpl\imports\Indy\SuperCore;U:\source\core.bpl\imports\Indy\System;U:\source\core.bpl\imports\Cipher\Source;U:\source\core.bpl\imports\kbmMemTable\Source</DCC_ResourcePath>
    <DCC_ObjPath>U:\source\_dcp;U:\source\core.bpl;U:\source\core.bpl\imports\Indy\Core;U:\source\core.bpl\imports\Indy\Protocols;U:\source\core.bpl\imports\Indy\SuperCore;U:\source\core.bpl\imports\Indy\System;U:\source\core.bpl\imports\Cipher\Source;U:\source\core.bpl\imports\kbmMemTable\Source</DCC_ObjPath>
    <DCC_IncludePath>U:\source\_dcp;U:\source\core.bpl;U:\source\core.bpl\imports\Indy\Core;U:\source\core.bpl\imports\Indy\Protocols;U:\source\core.bpl\imports\Indy\SuperCore;U:\source\core.bpl\imports\Indy\System;U:\source\core.bpl\imports\Cipher\Source;U:\source\core.bpl\imports\kbmMemTable\Source</DCC_IncludePath>
    <DCC_Define>RELEASE</DCC_Define>
    <DCC_SYMBOL_DEPRECATED>False</DCC_SYMBOL_DEPRECATED>
    <DCC_SYMBOL_LIBRARY>False</DCC_SYMBOL_LIBRARY>
    <DCC_SYMBOL_PLATFORM>False</DCC_SYMBOL_PLATFORM>
    <DCC_SYMBOL_EXPERIMENTAL>False</DCC_SYMBOL_EXPERIMENTAL>
    <DCC_UNIT_LIBRARY>False</DCC_UNIT_LIBRARY>
    <DCC_UNIT_PLATFORM>False</DCC_UNIT_PLATFORM>
    <DCC_UNIT_DEPRECATED>False</DCC_UNIT_DEPRECATED>
    <DCC_UNIT_EXPERIMENTAL>False</DCC_UNIT_EXPERIMENTAL>
  </PropertyGroup>
  <PropertyGroup Condition=" '$(Configuration)|$(Platform)' == 'Debug|AnyCPU' ">
    <Version>7.0</Version>
    <DCC_BplOutput>U:\bin</DCC_BplOutput>
    <DCC_DcpOutput>U:\source\_dcp</DCC_DcpOutput>
    <DCC_UnitSearchPath>U:\source\_dcp</DCC_UnitSearchPath>
    <DCC_ResourcePath>U:\source\_dcp</DCC_ResourcePath>
    <DCC_ObjPath>U:\source\_dcp</DCC_ObjPath>
    <DCC_IncludePath>U:\source\_dcp</DCC_IncludePath>
    <DCC_SYMBOL_DEPRECATED>False</DCC_SYMBOL_DEPRECATED>
    <DCC_SYMBOL_LIBRARY>False</DCC_SYMBOL_LIBRARY>
    <DCC_SYMBOL_PLATFORM>False</DCC_SYMBOL_PLATFORM>
    <DCC_SYMBOL_EXPERIMENTAL>False</DCC_SYMBOL_EXPERIMENTAL>
    <DCC_UNIT_LIBRARY>False</DCC_UNIT_LIBRARY>
    <DCC_UNIT_PLATFORM>False</DCC_UNIT_PLATFORM>
    <DCC_UNIT_DEPRECATED>False</DCC_UNIT_DEPRECATED>
    <DCC_UNIT_EXPERIMENTAL>False</DCC_UNIT_EXPERIMENTAL>
    <DCC_IMPLICIT_IMPORT>False</DCC_IMPLICIT_IMPORT>
    <DCC_MapFile>3</DCC_MapFile>
  </PropertyGroup>
  <ProjectExtensions>
    <Borland.Personality>Delphi.Personality</Borland.Personality>
    <Borland.ProjectType>Package</Borland.ProjectType>
    <BorlandProject>
<BorlandProject><Delphi.Personality><Parameters><Parameters Name="HostApplication">U:\bin\loader.exe</Parameters><Parameters Name="UseLauncher">False</Parameters><Parameters Name="LoadAllSymbols">True</Parameters><Parameters Name="LoadUnspecifiedSymbols">False</Parameters><Parameters Name="RunParams">/config imkrielt.ini /noupdate</Parameters></Parameters><Package_Options><Package_Options Name="ImplicitBuild">False</Package_Options><Package_Options Name="DesigntimeOnly">False</Package_Options><Package_Options Name="RuntimeOnly">True</Package_Options><Package_Options Name="LibSuffix"></Package_Options></Package_Options><VersionInfo><VersionInfo Name="IncludeVerInfo">True</VersionInfo><VersionInfo Name="AutoIncBuild">True</VersionInfo><VersionInfo Name="MajorVer">1</VersionInfo><VersionInfo Name="MinorVer">1</VersionInfo><VersionInfo Name="Release">0</VersionInfo><VersionInfo Name="Build">134</VersionInfo><VersionInfo Name="Debug">False</VersionInfo><VersionInfo Name="PreRelease">False</VersionInfo><VersionInfo Name="Special">False</VersionInfo><VersionInfo Name="Private">False</VersionInfo><VersionInfo Name="DLL">False</VersionInfo><VersionInfo Name="Locale">1049</VersionInfo><VersionInfo Name="CodePage">1251</VersionInfo></VersionInfo><VersionInfoKeys><VersionInfoKeys Name="CompanyName">NextSoft</VersionInfoKeys><VersionInfoKeys Name="FileDescription">DBExpress connection module</VersionInfoKeys><VersionInfoKeys Name="FileVersion">1.1.0.134</VersionInfoKeys><VersionInfoKeys Name="InternalName">cmxl.bpl</VersionInfoKeys><VersionInfoKeys Name="LegalCopyright">NextSoft</VersionInfoKeys><VersionInfoKeys Name="LegalTrademarks">NextSoft</VersionInfoKeys><VersionInfoKeys Name="OriginalFilename">cmx.bpl</VersionInfoKeys><VersionInfoKeys Name="ProductName">BIS</VersionInfoKeys><VersionInfoKeys Name="ProductVersion">1.1</VersionInfoKeys><VersionInfoKeys Name="Comments">DBExpress connection module</VersionInfoKeys></VersionInfoKeys><Source><Source Name="MainSource">cmx.dpk</Source></Source><Excluded_Packages>
      
      
      
      
      
      
      
      
      
      
      
      <Excluded_Packages Name="$(BDS)\bin\dcldbxcds4100.bpl">CodeGear SimpleDataset Component (DBX)</Excluded_Packages>
    </Excluded_Packages></Delphi.Personality><ModelSupport>False</ModelSupport></BorlandProject></BorlandProject>
  </ProjectExtensions>
  <Import Project="$(MSBuildBinPath)\Borland.Delphi.Targets" />
  <ItemGroup>
    <DelphiCompile Include="cmx.dpk">
      <MainSource>MainSource</MainSource>
    </DelphiCompile>
    <DCCReference Include="cmx.bpl\BisCmxConnection.pas" />
    <DCCReference Include="cmx.bpl\BisCmxConsts.pas" />
    <DCCReference Include="cmx.bpl\CodeGear\dbx\ClassRegistry.pas" />
    <DCCReference Include="cmx.bpl\CodeGear\dbx\DBConnAdmin.pas" />
    <DCCReference Include="cmx.bpl\CodeGear\dbx\DBXBinaryStream.pas" />
    <DCCReference Include="cmx.bpl\CodeGear\dbx\DbxChannel.pas" />
    <DCCReference Include="cmx.bpl\CodeGear\dbx\DBXCharDecoder.pas" />
    <DCCReference Include="cmx.bpl\CodeGear\dbx\DBXClient.pas" />
    <DCCReference Include="cmx.bpl\CodeGear\dbx\DBXCommon.pas" />
    <DCCReference Include="cmx.bpl\CodeGear\dbx\DBXDataStoreMetaDataReader.pas" />
    <DCCReference Include="cmx.bpl\CodeGear\dbx\DBXDataStoreMetaDataWriter.pas" />
    <DCCReference Include="cmx.bpl\CodeGear\dbx\DBXDataStoreReadOnlyMetaData.pas" />
    <DCCReference Include="cmx.bpl\CodeGear\dbx\DBXDb2MetaDataReader.pas" />
    <DCCReference Include="cmx.bpl\CodeGear\dbx\DBXDb2MetaDataWriter.pas" />
    <DCCReference Include="cmx.bpl\CodeGear\dbx\DBXdB2ReadOnlyMetaData.pas" />
    <DCCReference Include="cmx.bpl\CodeGear\dbx\DbxDefaultDrivers.pas" />
    <DCCReference Include="cmx.bpl\CodeGear\dbx\DBXDelegate.pas" />
    <DCCReference Include="cmx.bpl\CodeGear\dbx\DBXDynalink.pas" />
    <DCCReference Include="cmx.bpl\CodeGear\dbx\DBXDynalinkNative.pas" />
    <DCCReference Include="cmx.bpl\CodeGear\dbx\DBXErrorHandler.pas" />
    <DCCReference Include="cmx.bpl\CodeGear\dbx\DBXFieldHeader.pas" />
    <DCCReference Include="cmx.bpl\CodeGear\dbx\DBXFieldPacker.pas" />
    <DCCReference Include="cmx.bpl\CodeGear\dbx\DBXInformixMetaDataReader.pas" />
    <DCCReference Include="cmx.bpl\CodeGear\dbx\DBXInformixMetaDataWriter.pas" />
    <DCCReference Include="cmx.bpl\CodeGear\dbx\DBXInformixReadOnlyMetaData.pas" />
    <DCCReference Include="cmx.bpl\CodeGear\dbx\DbxInterbase.pas" />
    <DCCReference Include="cmx.bpl\CodeGear\dbx\DBXInterbaseMetaDataReader.pas" />
    <DCCReference Include="cmx.bpl\CodeGear\dbx\DBXInterbaseMetaDataWriter.pas" />
    <DCCReference Include="cmx.bpl\CodeGear\dbx\DBXInterbaseReadOnlyMetaData.pas" />
    <DCCReference Include="cmx.bpl\CodeGear\dbx\DBXJSonStreamReader.pas" />
    <DCCReference Include="cmx.bpl\CodeGear\dbx\DBXJSonStreamWriter.pas" />
    <DCCReference Include="cmx.bpl\CodeGear\dbx\DBXMetaDataCommand.pas" />
    <DCCReference Include="cmx.bpl\CodeGear\dbx\DBXMetaDataCommandFactory.pas" />
    <DCCReference Include="cmx.bpl\CodeGear\dbx\DBXMetaDataError.pas" />
    <DCCReference Include="cmx.bpl\CodeGear\dbx\DBXMetaDataNames.pas" />
    <DCCReference Include="cmx.bpl\CodeGear\dbx\DBXMetaDataReader.pas" />
    <DCCReference Include="cmx.bpl\CodeGear\dbx\DBXMetaDataUtil.pas" />
    <DCCReference Include="cmx.bpl\CodeGear\dbx\DBXMsSqlMetaDataReader.pas" />
    <DCCReference Include="cmx.bpl\CodeGear\dbx\DBXMsSqlMetaDataWriter.pas" />
    <DCCReference Include="cmx.bpl\CodeGear\dbx\DBXMsSqlReadOnlyMetaData.pas" />
    <DCCReference Include="cmx.bpl\CodeGear\dbx\DBXMySqlMetaDataReader.pas" />
    <DCCReference Include="cmx.bpl\CodeGear\dbx\DBXMySqlMetaDataWriter.pas" />
    <DCCReference Include="cmx.bpl\CodeGear\dbx\DBXMySqlReadOnlyMetaData.pas" />
    <DCCReference Include="cmx.bpl\CodeGear\dbx\DBXOracleMetaDataReader.pas" />
    <DCCReference Include="cmx.bpl\CodeGear\dbx\DBXOracleMetaDataWriter.pas" />
    <DCCReference Include="cmx.bpl\CodeGear\dbx\DBXOracleReadOnlyMetaData.pas" />
    <DCCReference Include="cmx.bpl\CodeGear\dbx\DBXPlatform.pas" />
    <DCCReference Include="cmx.bpl\CodeGear\dbx\DBXPlatformUtil.pas" />
    <DCCReference Include="cmx.bpl\CodeGear\dbx\DBXPool.pas" />
    <DCCReference Include="cmx.bpl\CodeGear\dbx\DBXReaderTableStorage.pas" />
    <DCCReference Include="cmx.bpl\CodeGear\dbx\DBXRowBlobStreamReader.pas" />
    <DCCReference Include="cmx.bpl\CodeGear\dbx\DBXRowBuffer.pas" />
    <DCCReference Include="cmx.bpl\CodeGear\dbx\DBXRpcErrorCodes.pas" />
    <DCCReference Include="cmx.bpl\CodeGear\dbx\DbxSocketChannelNative.pas" />
    <DCCReference Include="cmx.bpl\CodeGear\dbx\DBXSqlScanner.pas" />
    <DCCReference Include="cmx.bpl\CodeGear\dbx\DBXStringCodes.pas" />
    <DCCReference Include="cmx.bpl\CodeGear\dbx\DBXStringDecoder.pas" />
    <DCCReference Include="cmx.bpl\CodeGear\dbx\DBXStringEncoder.pas" />
    <DCCReference Include="cmx.bpl\CodeGear\dbx\DBXSybaseASAMetaDataReader.pas" />
    <DCCReference Include="cmx.bpl\CodeGear\dbx\DBXSybaseASAMetaDataWriter.pas" />
    <DCCReference Include="cmx.bpl\CodeGear\dbx\DBXSybaseASAReadOnlyMetaData.pas" />
    <DCCReference Include="cmx.bpl\CodeGear\dbx\DBXSybaseASEMetaDataReader.pas" />
    <DCCReference Include="cmx.bpl\CodeGear\dbx\DBXSybaseASEMetaDataWriter.pas" />
    <DCCReference Include="cmx.bpl\CodeGear\dbx\DBXSybaseASEReadOnlyMetaData.pas" />
    <DCCReference Include="cmx.bpl\CodeGear\dbx\DBXTableStorage.pas" />
    <DCCReference Include="cmx.bpl\CodeGear\dbx\DBXTokens.pas" />
    <DCCReference Include="cmx.bpl\CodeGear\dbx\DBXTrace.pas" />
    <DCCReference Include="cmx.bpl\CodeGear\dbx\DBXTraceHandler.pas" />
    <DCCReference Include="cmx.bpl\CodeGear\dbx\SqlConst.pas" />
    <DCCReference Include="cmx.bpl\CodeGear\dbx\SqlExpr.pas" />
    <DCCReference Include="core.dcp" />
  </ItemGroup>
</Project>