<?xml version="1.0" encoding="utf-8"?>
<Project xmlns="http://schemas.microsoft.com/developer/msbuild/2003">
  <PropertyGroup>
    <ProjectGuid>{2d7f424b-25f7-4edb-935d-f5abcf455486}</ProjectGuid>
    <MainSource>imball.dpk</MainSource>
    <Configuration Condition=" '$(Configuration)' == '' ">Debug</Configuration>
    <Platform Condition=" '$(Platform)' == '' ">AnyCPU</Platform>
    <DCC_DCCCompiler>DCC32</DCC_DCCCompiler>
    <DCC_DependencyCheckOutputName>U:\bin\imball.bpl</DCC_DependencyCheckOutputName>
  </PropertyGroup>
  <PropertyGroup Condition=" '$(Configuration)|$(Platform)' == 'Release|AnyCPU' ">
    <Version>7.0</Version>
    <DCC_DebugInformation>False</DCC_DebugInformation>
    <DCC_LocalDebugSymbols>False</DCC_LocalDebugSymbols>
    <DCC_SymbolReferenceInfo>0</DCC_SymbolReferenceInfo>
    <DCC_Define>RELEASE</DCC_Define>
  </PropertyGroup>
  <PropertyGroup Condition=" '$(Configuration)|$(Platform)' == 'Debug|AnyCPU' ">
    <Version>7.0</Version>
    <DCC_BplOutput>U:\bin</DCC_BplOutput>
    <DCC_UnitSearchPath>U:\source\_dcp;U:\source\core.bpl</DCC_UnitSearchPath>
    <DCC_ResourcePath>U:\source\_dcp;U:\source\core.bpl</DCC_ResourcePath>
    <DCC_ObjPath>U:\source\_dcp;U:\source\core.bpl</DCC_ObjPath>
    <DCC_IncludePath>U:\source\_dcp;U:\source\core.bpl</DCC_IncludePath>
    <DCC_MapFile>3</DCC_MapFile>
    <DCC_DcpOutput>U:\source\_dcp</DCC_DcpOutput>
    <DCC_SYMBOL_DEPRECATED>False</DCC_SYMBOL_DEPRECATED>
    <DCC_SYMBOL_LIBRARY>False</DCC_SYMBOL_LIBRARY>
    <DCC_SYMBOL_PLATFORM>False</DCC_SYMBOL_PLATFORM>
    <DCC_SYMBOL_EXPERIMENTAL>False</DCC_SYMBOL_EXPERIMENTAL>
    <DCC_UNIT_LIBRARY>False</DCC_UNIT_LIBRARY>
    <DCC_UNIT_PLATFORM>False</DCC_UNIT_PLATFORM>
    <DCC_UNIT_DEPRECATED>False</DCC_UNIT_DEPRECATED>
    <DCC_UNIT_EXPERIMENTAL>False</DCC_UNIT_EXPERIMENTAL>
  </PropertyGroup>
  <ProjectExtensions>
    <Borland.Personality>Delphi.Personality</Borland.Personality>
    <Borland.ProjectType>Package</Borland.ProjectType>
    <BorlandProject>
<BorlandProject><Delphi.Personality><Parameters><Parameters Name="UseLauncher">False</Parameters><Parameters Name="LoadAllSymbols">True</Parameters><Parameters Name="LoadUnspecifiedSymbols">False</Parameters><Parameters Name="RunParams">/config imball.ini</Parameters><Parameters Name="HostApplication">U:\bin\ball.exe</Parameters></Parameters><Package_Options><Package_Options Name="ImplicitBuild">False</Package_Options><Package_Options Name="DesigntimeOnly">False</Package_Options><Package_Options Name="RuntimeOnly">True</Package_Options></Package_Options><VersionInfo><VersionInfo Name="IncludeVerInfo">True</VersionInfo><VersionInfo Name="AutoIncBuild">True</VersionInfo><VersionInfo Name="MajorVer">1</VersionInfo><VersionInfo Name="MinorVer">0</VersionInfo><VersionInfo Name="Release">0</VersionInfo><VersionInfo Name="Build">97</VersionInfo><VersionInfo Name="Debug">False</VersionInfo><VersionInfo Name="PreRelease">False</VersionInfo><VersionInfo Name="Special">False</VersionInfo><VersionInfo Name="Private">False</VersionInfo><VersionInfo Name="DLL">False</VersionInfo><VersionInfo Name="Locale">1049</VersionInfo><VersionInfo Name="CodePage">1251</VersionInfo></VersionInfo><VersionInfoKeys><VersionInfoKeys Name="CompanyName">NextSoft</VersionInfoKeys><VersionInfoKeys Name="FileDescription">Ball interface module</VersionInfoKeys><VersionInfoKeys Name="FileVersion">1.0.0.97</VersionInfoKeys><VersionInfoKeys Name="InternalName">imball.bpl</VersionInfoKeys><VersionInfoKeys Name="LegalCopyright">NextSoft</VersionInfoKeys><VersionInfoKeys Name="LegalTrademarks">NextSoft</VersionInfoKeys><VersionInfoKeys Name="OriginalFilename">imball.bpl</VersionInfoKeys><VersionInfoKeys Name="ProductName">BIS</VersionInfoKeys><VersionInfoKeys Name="ProductVersion">1.0</VersionInfoKeys><VersionInfoKeys Name="Comments">Ball interface module</VersionInfoKeys></VersionInfoKeys><Source><Source Name="MainSource">imball.dpk</Source></Source></Delphi.Personality><ModelSupport>False</ModelSupport></BorlandProject></BorlandProject>
  </ProjectExtensions>
  <Import Project="$(MSBuildBinPath)\Borland.Delphi.Targets" />
  <ItemGroup>
    <DelphiCompile Include="imball.dpk">
      <MainSource>MainSource</MainSource>
    </DelphiCompile>
    <DCCReference Include="core.dcp" />
    <DCCReference Include="imball.bpl\BisBall.pas" />
    <DCCReference Include="imball.bpl\BisBallBarrelFrm.pas">
      <Form>BisBallBarrelFrame</Form>
      <DesignClass>TFrame</DesignClass>
    </DCCReference>
    <DCCReference Include="imball.bpl\BisBallConsts.pas" />
    <DCCReference Include="imball.bpl\BisBallDataDealerEditFm.pas">
      <Form>BisBallDataDealerEditForm</Form>
    </DCCReference>
    <DCCReference Include="imball.bpl\BisBallDataDealersFm.pas">
      <Form>BisBallDataDealersForm</Form>
    </DCCReference>
    <DCCReference Include="imball.bpl\BisBallDataTirageEditFm.pas">
      <Form>BisBallDataTirageEditForm</Form>
    </DCCReference>
    <DCCReference Include="imball.bpl\BisBallDataTiragesFm.pas">
      <Form>BisBallDataTiragesForm</Form>
    </DCCReference>
    <DCCReference Include="imball.bpl\BisBallDistrTicketsFm.pas">
      <Form>BisBallDistrTicketsForm</Form>
    </DCCReference>
    <DCCReference Include="imball.bpl\BisBallExportFm.pas">
      <Form>BisBallExportForm</Form>
    </DCCReference>
    <DCCReference Include="imball.bpl\BisBallFirstRoundFrm.pas">
      <Form>BisBallFirstRoundFrame</Form>
      <DesignClass>TFrame</DesignClass>
    </DCCReference>
    <DCCReference Include="imball.bpl\BisBallFourthRoundFrm.pas">
      <Form>BisBallFourthRoundFrame</Form>
      <DesignClass>TFrame</DesignClass>
    </DCCReference>
    <DCCReference Include="imball.bpl\BisBallImportTicketsFm.pas">
      <Form>BisBallImportTicketsForm</Form>
    </DCCReference>
    <DCCReference Include="imball.bpl\BisBallLotteryFm.pas">
      <Form>BisBallLotteryForm</Form>
    </DCCReference>
    <DCCReference Include="imball.bpl\BisBallMainFm.pas">
      <Form>BisBallMainForm</Form>
    </DCCReference>
    <DCCReference Include="imball.bpl\BisBallManageTicketFm.pas">
      <Form>BisBallManageTicketForm</Form>
    </DCCReference>
    <DCCReference Include="imball.bpl\BisBallSecondRoundFrm.pas">
      <Form>BisBallSecondRoundFrame</Form>
      <DesignClass>TFrame</DesignClass>
    </DCCReference>
    <DCCReference Include="imball.bpl\BisBallThirdRoundFrm.pas">
      <Form>BisBallThirdRoundFrame</Form>
      <DesignClass>TFrame</DesignClass>
    </DCCReference>
    <DCCReference Include="imball.bpl\BisBallTirageSubroundEditFm.pas">
      <Form>BisBallTirageSubroundEditForm</Form>
    </DCCReference>
    <DCCReference Include="imball.bpl\BisBallTirageSubroundsFrm.pas">
      <Form>BisBallTirageSubroundsFrame</Form>
      <DesignClass>T</DesignClass>
    </DCCReference>
    <DCCReference Include="omcom.dcp" />
    <DCCReference Include="rtl.dcp" />
    <DCCReference Include="vcl.dcp" />
  </ItemGroup>
</Project>