<?xml version="1.0" encoding="utf-8"?>
<Project xmlns="http://schemas.microsoft.com/developer/msbuild/2003">
  <PropertyGroup>
    <ProjectGuid>{f8ea43b8-9465-43f3-8b82-c20069e5ee6b}</ProjectGuid>
    <MainSource>imdocpro.dpk</MainSource>
    <Configuration Condition=" '$(Configuration)' == '' ">Debug</Configuration>
    <Platform Condition=" '$(Platform)' == '' ">AnyCPU</Platform>
    <DCC_DCCCompiler>DCC32</DCC_DCCCompiler>
    <DCC_DependencyCheckOutputName>U:\bin\imdocpro.bpl</DCC_DependencyCheckOutputName>
  </PropertyGroup>
  <PropertyGroup Condition=" '$(Configuration)|$(Platform)' == 'Release|AnyCPU' ">
    <Version>7.0</Version>
    <DCC_DebugInformation>False</DCC_DebugInformation>
    <DCC_LocalDebugSymbols>False</DCC_LocalDebugSymbols>
    <DCC_SymbolReferenceInfo>0</DCC_SymbolReferenceInfo>
    <DCC_Define>RELEASE</DCC_Define>
  </PropertyGroup>
  <PropertyGroup Condition=" '$(Configuration)|$(Platform)' == 'Debug|AnyCPU' ">
    <Version>7.0</Version>
    <DCC_BplOutput>U:\bin</DCC_BplOutput>
    <DCC_SYMBOL_DEPRECATED>False</DCC_SYMBOL_DEPRECATED>
    <DCC_SYMBOL_LIBRARY>False</DCC_SYMBOL_LIBRARY>
    <DCC_SYMBOL_PLATFORM>False</DCC_SYMBOL_PLATFORM>
    <DCC_SYMBOL_EXPERIMENTAL>False</DCC_SYMBOL_EXPERIMENTAL>
    <DCC_UNIT_LIBRARY>False</DCC_UNIT_LIBRARY>
    <DCC_UNIT_PLATFORM>False</DCC_UNIT_PLATFORM>
    <DCC_UNIT_DEPRECATED>False</DCC_UNIT_DEPRECATED>
    <DCC_UNIT_EXPERIMENTAL>False</DCC_UNIT_EXPERIMENTAL>
    <DCC_UnitSearchPath>U:\source\_dcp</DCC_UnitSearchPath>
    <DCC_ResourcePath>U:\source\_dcp</DCC_ResourcePath>
    <DCC_ObjPath>U:\source\_dcp</DCC_ObjPath>
    <DCC_IncludePath>U:\source\_dcp</DCC_IncludePath>
    <DCC_DcpOutput>U:\source\_dcp</DCC_DcpOutput>
    <DCC_IMPLICIT_IMPORT>False</DCC_IMPLICIT_IMPORT>
    <DCC_MapFile>3</DCC_MapFile>
    <DCC_OutputDRCFile>True</DCC_OutputDRCFile>
  </PropertyGroup>
  <ProjectExtensions>
    <Borland.Personality>Delphi.Personality</Borland.Personality>
    <Borland.ProjectType>Package</Borland.ProjectType>
    <BorlandProject>
<BorlandProject><Delphi.Personality><Parameters><Parameters Name="UseLauncher">False</Parameters><Parameters Name="LoadAllSymbols">True</Parameters><Parameters Name="LoadUnspecifiedSymbols">False</Parameters><Parameters Name="HostApplication">U:\bin\loader.exe</Parameters><Parameters Name="RunParams">/config imdocpro.ini /command connection</Parameters></Parameters><Package_Options><Package_Options Name="ImplicitBuild">False</Package_Options><Package_Options Name="DesigntimeOnly">False</Package_Options><Package_Options Name="RuntimeOnly">False</Package_Options><Package_Options Name="LibSuffix"></Package_Options></Package_Options><VersionInfo><VersionInfo Name="IncludeVerInfo">True</VersionInfo><VersionInfo Name="AutoIncBuild">True</VersionInfo><VersionInfo Name="MajorVer">1</VersionInfo><VersionInfo Name="MinorVer">0</VersionInfo><VersionInfo Name="Release">0</VersionInfo><VersionInfo Name="Build">66</VersionInfo><VersionInfo Name="Debug">False</VersionInfo><VersionInfo Name="PreRelease">False</VersionInfo><VersionInfo Name="Special">False</VersionInfo><VersionInfo Name="Private">False</VersionInfo><VersionInfo Name="DLL">False</VersionInfo><VersionInfo Name="Locale">1049</VersionInfo><VersionInfo Name="CodePage">1251</VersionInfo></VersionInfo><VersionInfoKeys><VersionInfoKeys Name="CompanyName">NextSoft</VersionInfoKeys><VersionInfoKeys Name="FileDescription">Docpro interface module</VersionInfoKeys><VersionInfoKeys Name="FileVersion">1.0.0.66</VersionInfoKeys><VersionInfoKeys Name="InternalName">imdocpro.bpl</VersionInfoKeys><VersionInfoKeys Name="LegalCopyright">NextSoft</VersionInfoKeys><VersionInfoKeys Name="LegalTrademarks">NextSoft</VersionInfoKeys><VersionInfoKeys Name="OriginalFilename">imdocpro.bpl</VersionInfoKeys><VersionInfoKeys Name="ProductName">BIS</VersionInfoKeys><VersionInfoKeys Name="ProductVersion">1.0.0.0</VersionInfoKeys><VersionInfoKeys Name="Comments">Docprot interface module</VersionInfoKeys></VersionInfoKeys><Source><Source Name="MainSource">imdocpro.dpk</Source></Source><Excluded_Packages>
      
      
      
      
      
      
      
      
      
      
      
      
      
      
      
      
      
      
      
      
      
      
      
      
      
      
      
      
      
      
      
      
      
      
      
      
      
      
      
      
      
      
      
      
      
      
      
      
      
      
      
      
      
      
      
      
      
      
      
      
      
      
      
      
      
      
      
      
      
      
      
      
      <Excluded_Packages Name="$(BDS)\bin\dclofficexp100.bpl">Microsoft Office XP Sample Automation Server Wrapper Components</Excluded_Packages>
      <Excluded_Packages Name="$(BDS)\bin\bcboffice2k100.bpl">CodeGear C++Builder Office 2000 Servers Package</Excluded_Packages>
      <Excluded_Packages Name="$(BDS)\bin\bcbofficexp100.bpl">CodeGear C++Builder Office XP Servers Package</Excluded_Packages>
      <Excluded_Packages Name="$(BDS)\bin\dcloffice2k100.bpl">Microsoft Office 2000 Sample Automation Server Wrapper Components</Excluded_Packages>
      <Excluded_Packages Name="E:\work\!_for_bis\DwsNew\dws2src20-20030907\dws2rel\Dws2Tools\IdeDialog\dcldws2IdeDialog.bpl">DelphiWebScript II - Component IDE Dialog</Excluded_Packages>
      <Excluded_Packages Name="E:\work\!_for_bis\DwsNew\dws2src20-20030907\dws2rel\Dws2Tools\IdeDialog\dws2IdeDialogRuntime.bpl">DelphiWebScript II - IDE Dialog</Excluded_Packages>
    </Excluded_Packages><Language><Language Name="ProjectLang">$00000419</Language><Language Name="RootDir">U:\source\imdesign.bpl\</Language></Language>  
    
    
    
    
    
    
    
    
    
    
    
    <Resource_DLL_Projects>
      <Resource_DLL_Projects Name="Item0">Русский*$00000419*RUS*RUS</Resource_DLL_Projects>
    </Resource_DLL_Projects>
  </Delphi.Personality><ModelSupport>False</ModelSupport></BorlandProject></BorlandProject>
  </ProjectExtensions>
  <Import Project="$(MSBuildBinPath)\Borland.Delphi.Targets" />
  <ItemGroup>
    <DelphiCompile Include="imdocpro.dpk">
      <MainSource>MainSource</MainSource>
    </DelphiCompile>
    <DCCReference Include="core.dcp" />
    <DCCReference Include="dbrtl.dcp" />
    <DCCReference Include="imdocpro.bpl\BisDocpro.pas" />
    <DCCReference Include="imdocpro.bpl\BisDocproConsts.pas" />
    <DCCReference Include="imdocpro.bpl\BisDocproHbookDocEditFm.pas">
      <Form>BisDocproHbookDocEditForm</Form>
    </DCCReference>
    <DCCReference Include="imdocpro.bpl\BisDocproHbookDocsFm.pas">
      <Form>BisDocproHbookDocsForm</Form>
    </DCCReference>
    <DCCReference Include="imdocpro.bpl\BisDocproHbookDocsFrm.pas">
      <Form>BisDocproHbookDocsFrame</Form>
      <DesignClass>TFrame</DesignClass>
    </DCCReference>
    <DCCReference Include="imdocpro.bpl\BisDocproHbookMotionEditFm.pas">
      <Form>BisDocproHbookMotionEditForm</Form>
    </DCCReference>
    <DCCReference Include="imdocpro.bpl\BisDocproHbookMotionsFm.pas">
      <Form>BisDocproHbookMotionsForm</Form>
    </DCCReference>
    <DCCReference Include="imdocpro.bpl\BisDocproHbookPlanEditFm.pas">
      <Form>BisDocproHbookPlanEditForm</Form>
    </DCCReference>
    <DCCReference Include="imdocpro.bpl\BisDocproHbookPlansFm.pas">
      <Form>BisDocproHbookPlansForm</Form>
    </DCCReference>
    <DCCReference Include="imdocpro.bpl\BisDocproHbookPlanViewsIface.pas" />
    <DCCReference Include="imdocpro.bpl\BisDocproHbookPositionEditFm.pas">
      <Form>BisDocproHbookPositionEditForm</Form>
    </DCCReference>
    <DCCReference Include="imdocpro.bpl\BisDocproHbookPositionsFm.pas">
      <Form>BisDocproHbookPositionsForm</Form>
    </DCCReference>
    <DCCReference Include="imdocpro.bpl\BisDocproHbookViewEditFm.pas">
      <Form>BisDocproHbookViewEditForm</Form>
    </DCCReference>
    <DCCReference Include="imdocpro.bpl\BisDocproHbookViewsFm.pas">
      <Form>BisDocproHbookViewsForm</Form>
    </DCCReference>
    <DCCReference Include="imdocpro.bpl\BisDocproMainFm.pas">
      <Form>BisDocproMainForm</Form>
    </DCCReference>
    <DCCReference Include="imdocpro.bpl\BisDocproManagementDetailFrm.pas">
      <Form>BisDocproManagementDetailFrame</Form>
      <DesignClass>TFrame</DesignClass>
    </DCCReference>
    <DCCReference Include="imdocpro.bpl\BisDocproManagementFm.pas">
      <Form>BisDocproManagementForm</Form>
    </DCCReference>
    <DCCReference Include="imdocpro.bpl\BisDocproManagementMasterEditFm.pas">
      <Form>BisDocproManagementMasterEditForm</Form>
    </DCCReference>
    <DCCReference Include="imdocpro.bpl\BisDocproManagementMasterFrm.pas">
      <Form>BisDocproManagementMasterFrame</Form>
      <DesignClass>T</DesignClass>
    </DCCReference>
    <DCCReference Include="rtl.dcp" />
    <DCCReference Include="vcl.dcp" />
    <DCCReference Include="vclactnband.dcp" />
    <DCCReference Include="vcldb.dcp" />
    <DCCReference Include="vclx.dcp" />
  </ItemGroup>
</Project>