<?xml version="1.0" encoding="utf-8"?>
<Project xmlns="http://schemas.microsoft.com/developer/msbuild/2003">
  <PropertyGroup>
    <ProjectGuid>{f8ea43b8-9465-43f3-8b82-c20069e5ee6b}</ProjectGuid>
    <MainSource>objects.dpk</MainSource>
    <Configuration Condition=" '$(Configuration)' == '' ">Debug</Configuration>
    <Platform Condition=" '$(Platform)' == '' ">AnyCPU</Platform>
    <DCC_DCCCompiler>DCC32</DCC_DCCCompiler>
    <DCC_DependencyCheckOutputName>U:\bin\objects.bpl</DCC_DependencyCheckOutputName>
    <DCC_UsePackage>vcl;rtl;dbexpress</DCC_UsePackage>
  </PropertyGroup>
  <PropertyGroup Condition=" '$(Configuration)|$(Platform)' == 'Release|AnyCPU' ">
    <Version>7.0</Version>
    <DCC_DebugInformation>False</DCC_DebugInformation>
    <DCC_LocalDebugSymbols>False</DCC_LocalDebugSymbols>
    <DCC_SymbolReferenceInfo>0</DCC_SymbolReferenceInfo>
    <DCC_Define>RELEASE</DCC_Define>
  </PropertyGroup>
  <PropertyGroup Condition=" '$(Configuration)|$(Platform)' == 'Debug|AnyCPU' ">
    <Version>7.0</Version>
    <DCC_BplOutput>U:\bin</DCC_BplOutput>
    <DCC_SYMBOL_DEPRECATED>False</DCC_SYMBOL_DEPRECATED>
    <DCC_SYMBOL_LIBRARY>False</DCC_SYMBOL_LIBRARY>
    <DCC_SYMBOL_PLATFORM>False</DCC_SYMBOL_PLATFORM>
    <DCC_SYMBOL_EXPERIMENTAL>False</DCC_SYMBOL_EXPERIMENTAL>
    <DCC_UNIT_LIBRARY>False</DCC_UNIT_LIBRARY>
    <DCC_UNIT_PLATFORM>False</DCC_UNIT_PLATFORM>
    <DCC_UNIT_DEPRECATED>False</DCC_UNIT_DEPRECATED>
    <DCC_UNIT_EXPERIMENTAL>False</DCC_UNIT_EXPERIMENTAL>
    <DCC_DcpOutput>U:\source\_dcp</DCC_DcpOutput>
    <DCC_IMPLICIT_IMPORT>False</DCC_IMPLICIT_IMPORT>
    <DCC_MapFile>3</DCC_MapFile>
    <DCC_OutputDRCFile>True</DCC_OutputDRCFile>
    <DCC_UnitSearchPath>U:\source\objects.bpl\Cipher\Source;U:\source\objects.bpl\DBVirtualTree\VirtualTreeView\Source;U:\source\objects.bpl\DBVirtualTree\DynamicTreeView\Source;U:\source\objects.bpl\IPHlpApi\Pas;U:\source\objects.bpl\kbmMemTable\Source;U:\source\objects.bpl\MsysInfo\Source;U:\source\objects.bpl\NewAC\src;U:\source\objects.bpl\RX\Units;U:\source\objects.bpl\SynEdit\Source;U:\source\objects.bpl\TAPI\Std;U:\source\objects.bpl\TAPI\Misc;U:\source\objects.bpl\TAPI\ACD;U:\source\objects.bpl\Jcl;U:\source\objects.bpl\Alcinoe\source;U:\source\objects.bpl\FastReport\Source;U:\source\objects.bpl\FastReport\FastScript;U:\source\objects.bpl\FastReport\Source\ExportPack</DCC_UnitSearchPath>
    <DCC_ResourcePath>U:\source\objects.bpl\Cipher\Source;U:\source\objects.bpl\DBVirtualTree\VirtualTreeView\Source;U:\source\objects.bpl\DBVirtualTree\DynamicTreeView\Source;U:\source\objects.bpl\IPHlpApi\Pas;U:\source\objects.bpl\kbmMemTable\Source;U:\source\objects.bpl\MsysInfo\Source;U:\source\objects.bpl\NewAC\src;U:\source\objects.bpl\RX\Units;U:\source\objects.bpl\SynEdit\Source;U:\source\objects.bpl\TAPI\Std;U:\source\objects.bpl\TAPI\Misc;U:\source\objects.bpl\TAPI\ACD;U:\source\objects.bpl\Jcl;U:\source\objects.bpl\Alcinoe\source;U:\source\objects.bpl\FastReport\Source;U:\source\objects.bpl\FastReport\FastScript;U:\source\objects.bpl\FastReport\Source\ExportPack</DCC_ResourcePath>
    <DCC_ObjPath>U:\source\objects.bpl\Cipher\Source;U:\source\objects.bpl\DBVirtualTree\VirtualTreeView\Source;U:\source\objects.bpl\DBVirtualTree\DynamicTreeView\Source;U:\source\objects.bpl\IPHlpApi\Pas;U:\source\objects.bpl\kbmMemTable\Source;U:\source\objects.bpl\MsysInfo\Source;U:\source\objects.bpl\NewAC\src;U:\source\objects.bpl\RX\Units;U:\source\objects.bpl\SynEdit\Source;U:\source\objects.bpl\TAPI\Std;U:\source\objects.bpl\TAPI\Misc;U:\source\objects.bpl\TAPI\ACD;U:\source\objects.bpl\Jcl;U:\source\objects.bpl\Alcinoe\source;U:\source\objects.bpl\FastReport\Source;U:\source\objects.bpl\FastReport\FastScript;U:\source\objects.bpl\FastReport\Source\ExportPack</DCC_ObjPath>
    <DCC_IncludePath>U:\source\objects.bpl\Cipher\Source;U:\source\objects.bpl\DBVirtualTree\VirtualTreeView\Source;U:\source\objects.bpl\DBVirtualTree\DynamicTreeView\Source;U:\source\objects.bpl\IPHlpApi\Pas;U:\source\objects.bpl\kbmMemTable\Source;U:\source\objects.bpl\MsysInfo\Source;U:\source\objects.bpl\NewAC\src;U:\source\objects.bpl\RX\Units;U:\source\objects.bpl\SynEdit\Source;U:\source\objects.bpl\TAPI\Std;U:\source\objects.bpl\TAPI\Misc;U:\source\objects.bpl\TAPI\ACD;U:\source\objects.bpl\Jcl;U:\source\objects.bpl\Alcinoe\source;U:\source\objects.bpl\FastReport\Source;U:\source\objects.bpl\FastReport\FastScript;U:\source\objects.bpl\FastReport\Source\ExportPack</DCC_IncludePath>
  </PropertyGroup>
  <ProjectExtensions>
    <Borland.Personality>Delphi.Personality</Borland.Personality>
    <Borland.ProjectType>Package</Borland.ProjectType>
    <BorlandProject>
<BorlandProject><Delphi.Personality><Parameters><Parameters Name="UseLauncher">False</Parameters><Parameters Name="LoadAllSymbols">True</Parameters><Parameters Name="LoadUnspecifiedSymbols">False</Parameters><Parameters Name="HostApplication">U:\bin\taxi.exe</Parameters><Parameters Name="RunParams">/config imtaxi2.ini /noupdate</Parameters></Parameters><Package_Options><Package_Options Name="ImplicitBuild">False</Package_Options><Package_Options Name="DesigntimeOnly">False</Package_Options><Package_Options Name="RuntimeOnly">True</Package_Options><Package_Options Name="LibSuffix"></Package_Options></Package_Options><VersionInfo><VersionInfo Name="IncludeVerInfo">True</VersionInfo><VersionInfo Name="AutoIncBuild">True</VersionInfo><VersionInfo Name="MajorVer">2</VersionInfo><VersionInfo Name="MinorVer">1</VersionInfo><VersionInfo Name="Release">0</VersionInfo><VersionInfo Name="Build">6</VersionInfo><VersionInfo Name="Debug">False</VersionInfo><VersionInfo Name="PreRelease">False</VersionInfo><VersionInfo Name="Special">False</VersionInfo><VersionInfo Name="Private">False</VersionInfo><VersionInfo Name="DLL">False</VersionInfo><VersionInfo Name="Locale">1049</VersionInfo><VersionInfo Name="CodePage">1251</VersionInfo></VersionInfo><VersionInfoKeys><VersionInfoKeys Name="CompanyName">NextSoft</VersionInfoKeys><VersionInfoKeys Name="FileDescription">Objects module</VersionInfoKeys><VersionInfoKeys Name="FileVersion">2.1.0.6</VersionInfoKeys><VersionInfoKeys Name="InternalName">objects.bpl</VersionInfoKeys><VersionInfoKeys Name="LegalCopyright">NextSoft</VersionInfoKeys><VersionInfoKeys Name="LegalTrademarks">NextSoft</VersionInfoKeys><VersionInfoKeys Name="OriginalFilename">objects.bpl</VersionInfoKeys><VersionInfoKeys Name="ProductName">BIS</VersionInfoKeys><VersionInfoKeys Name="ProductVersion">2.1</VersionInfoKeys><VersionInfoKeys Name="Comments">Objects module</VersionInfoKeys></VersionInfoKeys><Source><Source Name="MainSource">objects.dpk</Source></Source><Excluded_Packages>
      
      
      
      <Excluded_Packages Name="$(BDS)\bin\bcboffice2k100.bpl">CodeGear C++Builder Office 2000 Servers Package</Excluded_Packages>
    </Excluded_Packages><Language><Language Name="ProjectLang">$00000419</Language><Language Name="RootDir">U:\source\imdesign.bpl\</Language></Language>  
    
    
    <Resource_DLL_Projects>
      <Resource_DLL_Projects Name="Item0">Русский*$00000419*RUS*RUS</Resource_DLL_Projects>
    </Resource_DLL_Projects>
  </Delphi.Personality><ModelSupport>False</ModelSupport></BorlandProject></BorlandProject>
  </ProjectExtensions>
  <Import Project="$(MSBuildBinPath)\Borland.Delphi.Targets" />
  <ItemGroup>
    <DelphiCompile Include="objects.dpk">
      <MainSource>MainSource</MainSource>
    </DelphiCompile>
    <DCCReference Include="dbrtl.dcp" />
    <DCCReference Include="objects.bpl\Alcinoe\source\ALFcnHTML.pas" />
    <DCCReference Include="objects.bpl\Alcinoe\source\ALFcnString.pas" />
    <DCCReference Include="objects.bpl\Alcinoe\source\ALFcnUnicode.pas" />
    <DCCReference Include="objects.bpl\Alcinoe\source\ALXmlDoc.pas" />
    <DCCReference Include="objects.bpl\AsyncCalls\AsyncCalls.pas" />
    <DCCReference Include="objects.bpl\Cipher\Source\Cipher.pas" />
    <DCCReference Include="objects.bpl\Cipher\Source\Cipher1.pas" />
    <DCCReference Include="objects.bpl\Cipher\Source\DECConst.pas" />
    <DCCReference Include="objects.bpl\Cipher\Source\DECUtil.pas" />
    <DCCReference Include="objects.bpl\Cipher\Source\Hash.pas" />
    <DCCReference Include="objects.bpl\Cipher\Source\HCMngr.pas" />
    <DCCReference Include="objects.bpl\DBVirtualTree\DynamicTreeView\Source\DTCommon.pas" />
    <DCCReference Include="objects.bpl\DBVirtualTree\DynamicTreeView\Source\DTDBTreeView.pas" />
    <DCCReference Include="objects.bpl\DBVirtualTree\VirtualTreeView\Source\VirtualTrees.pas" />
    <DCCReference Include="objects.bpl\DBVirtualTree\VirtualTreeView\Source\VTAccessibilityFactory.pas" />
    <DCCReference Include="objects.bpl\DBVirtualTree\VirtualTreeView\Source\VTHeaderPopup.pas" />
    <DCCReference Include="objects.bpl\DcpCrypt2\DCPbase64.pas" />
    <DCCReference Include="objects.bpl\DcpCrypt2\DCPblockciphers.pas" />
    <DCCReference Include="objects.bpl\DcpCrypt2\DCPblowfish.pas" />
    <DCCReference Include="objects.bpl\DcpCrypt2\DCPcast128.pas" />
    <DCCReference Include="objects.bpl\DcpCrypt2\DCPcast256.pas" />
    <DCCReference Include="objects.bpl\DcpCrypt2\DCPconst.pas" />
    <DCCReference Include="objects.bpl\DcpCrypt2\DCPcrypt2.pas" />
    <DCCReference Include="objects.bpl\DcpCrypt2\DCPdes.pas" />
    <DCCReference Include="objects.bpl\DcpCrypt2\DCPgost.pas" />
    <DCCReference Include="objects.bpl\DcpCrypt2\DCPhaval.pas" />
    <DCCReference Include="objects.bpl\DcpCrypt2\DCPice.pas" />
    <DCCReference Include="objects.bpl\DcpCrypt2\DCPidea.pas" />
    <DCCReference Include="objects.bpl\DcpCrypt2\DCPmars.pas" />
    <DCCReference Include="objects.bpl\DcpCrypt2\DCPmd4.pas" />
    <DCCReference Include="objects.bpl\DcpCrypt2\DCPmd5.pas" />
    <DCCReference Include="objects.bpl\DcpCrypt2\DCPmisty1.pas" />
    <DCCReference Include="objects.bpl\DcpCrypt2\DCPrc2.pas" />
    <DCCReference Include="objects.bpl\DcpCrypt2\DCPrc4.pas" />
    <DCCReference Include="objects.bpl\DcpCrypt2\DCPrc5.pas" />
    <DCCReference Include="objects.bpl\DcpCrypt2\DCPrc6.pas" />
    <DCCReference Include="objects.bpl\DcpCrypt2\DCPrijndael.pas" />
    <DCCReference Include="objects.bpl\DcpCrypt2\DCPripemd128.pas" />
    <DCCReference Include="objects.bpl\DcpCrypt2\DCPripemd160.pas" />
    <DCCReference Include="objects.bpl\DcpCrypt2\DCPserpent.pas" />
    <DCCReference Include="objects.bpl\DcpCrypt2\DCPsha1.pas" />
    <DCCReference Include="objects.bpl\DcpCrypt2\DCPsha256.pas" />
    <DCCReference Include="objects.bpl\DcpCrypt2\DCPsha512.pas" />
    <DCCReference Include="objects.bpl\DcpCrypt2\DCPtea.pas" />
    <DCCReference Include="objects.bpl\DcpCrypt2\DCPtiger.pas" />
    <DCCReference Include="objects.bpl\DcpCrypt2\DCPtwofish.pas" />
    <DCCReference Include="objects.bpl\DIMime\Source\DIMime.pas" />
    <DCCReference Include="objects.bpl\DIMime\Source\DIMimeStreams.pas" />
    <DCCReference Include="objects.bpl\GifImage\GIFImage.pas" />
    <DCCReference Include="objects.bpl\hexedit\vcl\mphexeditor.pas" />
    <DCCReference Include="objects.bpl\IPHlpApi\Pas\IpExport.pas" />
    <DCCReference Include="objects.bpl\IPHlpApi\Pas\IpFunctions.pas" />
    <DCCReference Include="objects.bpl\IPHlpApi\Pas\IpHlpApi.pas" />
    <DCCReference Include="objects.bpl\IPHlpApi\Pas\IpIfConst.pas" />
    <DCCReference Include="objects.bpl\IPHlpApi\Pas\IpRtrMib.pas" />
    <DCCReference Include="objects.bpl\IPHlpApi\Pas\IpTypes.pas" />
    <DCCReference Include="objects.bpl\Jcl\JclDebug.pas" />
    <DCCReference Include="objects.bpl\Jcl\JclHookExcept.pas" />
    <DCCReference Include="objects.bpl\Jcl\JclTD32.pas" />
    <DCCReference Include="objects.bpl\kbmMemTable\Source\kbmMemBinaryStreamFormat.pas" />
    <DCCReference Include="objects.bpl\kbmMemTable\Source\kbmMemResEng.pas" />
    <DCCReference Include="objects.bpl\kbmMemTable\Source\kbmMemTable.pas" />
    <DCCReference Include="objects.bpl\MsysInfo\Source\MiTeC_Routines.pas" />
    <DCCReference Include="objects.bpl\MsysInfo\Source\MSI_APM.PAS" />
    <DCCReference Include="objects.bpl\MsysInfo\Source\MSI_CPU.PAS" />
    <DCCReference Include="objects.bpl\MsysInfo\Source\MSI_Devices.pas" />
    <DCCReference Include="objects.bpl\MsysInfo\Source\MSI_DirectX.pas" />
    <DCCReference Include="objects.bpl\MsysInfo\Source\MSI_Disk.pas" />
    <DCCReference Include="objects.bpl\MsysInfo\Source\MSI_Display.pas" />
    <DCCReference Include="objects.bpl\MsysInfo\Source\MSI_Engines.pas" />
    <DCCReference Include="objects.bpl\MsysInfo\Source\MSI_Machine.pas" />
    <DCCReference Include="objects.bpl\MsysInfo\Source\MSI_Media.pas" />
    <DCCReference Include="objects.bpl\MsysInfo\Source\MSI_Memory.pas" />
    <DCCReference Include="objects.bpl\MsysInfo\Source\MSI_Network.pas" />
    <DCCReference Include="objects.bpl\MsysInfo\Source\MSI_OS.pas" />
    <DCCReference Include="objects.bpl\MsysInfo\Source\MSI_Printers.pas" />
    <DCCReference Include="objects.bpl\MsysInfo\Source\MSI_Processes.pas" />
    <DCCReference Include="objects.bpl\MsysInfo\Source\MSI_Software.pas" />
    <DCCReference Include="objects.bpl\MsysInfo\Source\MSI_Startup.pas" />
    <DCCReference Include="objects.bpl\RegExpr\Source\RegExpr.pas" />
    <DCCReference Include="objects.bpl\RX\Units\Rxcalc.pas" />
    <DCCReference Include="objects.bpl\RX\Units\RxCtrls.pas" />
    <DCCReference Include="objects.bpl\RX\Units\rxCurrEdit.pas" />
    <DCCReference Include="objects.bpl\RX\Units\rxDateutil.pas" />
    <DCCReference Include="objects.bpl\RX\Units\rxPickdate.pas" />
    <DCCReference Include="objects.bpl\RX\Units\RxRichEd.pas" />
    <DCCReference Include="objects.bpl\RX\Units\RxTimer.pas" />
    <DCCReference Include="objects.bpl\RX\Units\rxToolEdit.pas" />
    <DCCReference Include="objects.bpl\SuperObject\superobject.pas" />
    <DCCReference Include="objects.bpl\SuperObject\superxmlparser.pas" />
    <DCCReference Include="objects.bpl\SynEdit\Source\SynDBEdit.pas" />
    <DCCReference Include="objects.bpl\SynEdit\Source\SynEdit.pas" />
    <DCCReference Include="objects.bpl\SynEdit\Source\SynEditHighlighter.pas" />
    <DCCReference Include="objects.bpl\SynEdit\Source\SynEditKbdHandler.pas" />
    <DCCReference Include="objects.bpl\SynEdit\Source\SynEditKeyCmds.pas" />
    <DCCReference Include="objects.bpl\SynEdit\Source\SynEditKeyConst.pas" />
    <DCCReference Include="objects.bpl\SynEdit\Source\SynEditMiscClasses.pas" />
    <DCCReference Include="objects.bpl\SynEdit\Source\SynEditMiscProcs.pas" />
    <DCCReference Include="objects.bpl\SynEdit\Source\SynEditTextBuffer.pas" />
    <DCCReference Include="objects.bpl\SynEdit\Source\SynEditTypes.pas" />
    <DCCReference Include="objects.bpl\SynEdit\Source\SynHighlighterSQL.pas" />
    <DCCReference Include="objects.bpl\SynEdit\Source\SynHighlighterXML.pas" />
    <DCCReference Include="objects.bpl\SynEdit\Source\SynTextDrawer.pas" />
    <DCCReference Include="objects.bpl\ThemedDBGrid.pas" />
    <DCCReference Include="objects.bpl\WinSock2\WinSock2.pas" />
    <DCCReference Include="rtl.dcp" />
    <DCCReference Include="vcl.dcp" />
    <DCCReference Include="vclactnband.dcp" />
    <DCCReference Include="vcldb.dcp" />
    <DCCReference Include="vclie.dcp" />
    <DCCReference Include="vclimg.dcp" />
    <DCCReference Include="vcljpg.dcp" />
    <DCCReference Include="VclSmp.dcp" />
    <DCCReference Include="vclx.dcp" />
  </ItemGroup>
</Project>